{
  "pins" : [
    {
      "identity" : "algoliasearch-client-swift",
      "kind" : "remoteSourceControl",
      "location" : "https://github.com/algolia/algoliasearch-client-swift",
      "state" : {
        "revision" : "d507e54c2f5e11134ee066727fda976d921f1c10",
        "version" : "8.16.0"
      }
    },
    {
      "identity" : "swift-log",
      "kind" : "remoteSourceControl",
      "location" : "https://github.com/apple/swift-log.git",
      "state" : {
        "revision" : "6fe203dc33195667ce1759bf0182975e4653ba1c",
        "version" : "1.4.4"
      }
    }
  ],
  "version" : 2
}
